# DO NOT EDIT MANUALLY - Managed by Fern Replay
version: "1.0"
generations:
  - commit_sha: a7ff7c0f098c10c81b49de0e3024d0e645a16359
    tree_hash: 29fcbbd3fe86fe216c9a65b8819538f9226d544b
    timestamp: 2026-05-12T05:03:34.426Z
    cli_version: unknown
    generator_versions: {}
  - commit_sha: 2de4c6369e279ba461d20dfe1bb8503255fab5a6
    tree_hash: 03594866fe0b15448f7bb9cf89fa722f19a72bbf
    timestamp: 2026-07-15T13:05:44.799Z
    cli_version: unknown
    generator_versions:
      fernapi/fern-typescript-sdk: 3.72.5
  - commit_sha: 976f3421bba0cc2818dfeaede922ab57e8dbab20
    tree_hash: 65d9f2e949797e3752e9874d498f478e96ea233c
    timestamp: 2026-07-21T07:19:56.058Z
    cli_version: unknown
    generator_versions:
      fernapi/fern-typescript-sdk: 3.72.5
current_generation: 976f3421bba0cc2818dfeaede922ab57e8dbab20
patches:
  - id: patch-066ff9e0
    content_hash: sha256:5b87ec9a63fc57aba4840d0d335d472c621e838fc1d61515b30660df39d0dbc2
    original_commit: 066ff9e02c45f4abf46791a3f070c762f7ecd924
    original_message: "docs: add v6 migration guide for breaking changes in v6.0.0 (#1368)"
    original_author: Ankita Tripathi <51994119+ankita10119@users.noreply.github.com>
    base_generation: 976f3421bba0cc2818dfeaede922ab57e8dbab20
    files:
      - v6_MIGRATION_GUIDE.md
    patch_content: |
      diff --git a/v6_MIGRATION_GUIDE.md b/v6_MIGRATION_GUIDE.md
      new file mode 100644
      index 000000000..d1eb6bd69
      --- /dev/null
      +++ b/v6_MIGRATION_GUIDE.md
      @@ -0,0 +1,158 @@
      +# V6 Migration Guide
      +
      +A guide to migrating the Auth0 Node.js SDK from `5.x` to `6.x`.
      +
      +- [Overall changes](#overall-changes)
      +- [Breaking changes](#breaking-changes)
      +    - [ConnectionAttributeIdentifier replaced with identifier-specific types](#connectionattributeidentifier-replaced-with-identifier-specific-types)
      +    - [PhoneProviderProtectionBackoffStrategyEnum value change](#phoneproviderprotectionbackoffstrategyenum-value-change)
      +    - [users.federatedConnectionsTokensets removed](#usersfederatedconnectionstokensets-removed)
      +    - [federated_connections_access_tokens removed from connection options](#federated_connections_access_tokens-removed-from-connection-options)
      +
      +## Overall changes
      +
      +V6 addresses type correctness for database connection attribute identifiers, aligns the phone provider backoff strategy enum with the updated API, and removes the federated connections tokensets user sub-client. There are no changes to the Authentication API — any code written for the Authentication API in `5.x` will continue to work in `6.x`.
      +
      +## Breaking changes
      +
      +### ConnectionAttributeIdentifier replaced with identifier-specific types
      +
      +In v5, all three attribute identifiers (email, phone number, and username) shared a single `ConnectionAttributeIdentifier` type for their `identifier` field. This was incorrect — each identifier type supports different values for `default_method`.
      +
      +In v6, `ConnectionAttributeIdentifier` has been removed and replaced with three separate types:
      +
      +| Attribute      | Old type                        | New type                      | `default_method` values       |
      +| -------------- | ------------------------------- | ----------------------------- | ----------------------------- |
      +| `email`        | `ConnectionAttributeIdentifier` | `EmailAttributeIdentifier`    | `"password"` \| `"email_otp"` |
      +| `phone_number` | `ConnectionAttributeIdentifier` | `PhoneAttributeIdentifier`    | `"password"` \| `"phone_otp"` |
      +| `username`     | `ConnectionAttributeIdentifier` | `UsernameAttributeIdentifier` | _(no `default_method`)_       |
      +
      +**Before (v5):**
      +
      +```ts
      +import { Management } from "auth0";
      +
      +const identifier: Management.ConnectionAttributeIdentifier = {
      +    active: true,
      +    default_method: "email_otp",
      +};
      +```
      +
      +**After (v6):**
      +
      +```ts
      +import { Management } from "auth0";
      +
      +// For email attribute
      +const emailIdentifier: Management.EmailAttributeIdentifier = {
      +    active: true,
      +    default_method: "email_otp",
      +};
      +
      +// For phone_number attribute
      +const phoneIdentifier: Management.PhoneAttributeIdentifier = {
      +    active: true,
      +    default_method: "phone_otp",
      +};
      +
      +// For username attribute (no default_method)
      +const usernameIdentifier: Management.UsernameAttributeIdentifier = {
      +    active: true,
      +};
      +```
      +
      +If you were using `ConnectionAttributeIdentifier` as a type annotation in your own code, update it to the appropriate identifier-specific type based on which attribute it applies to.
      +
      +---
      +
      +### PhoneProviderProtectionBackoffStrategyEnum value change
      +
      +The `PhoneProviderProtectionBackoffStrategyEnum` enum has been updated to reflect a change in the Auth0 API. The `None` variant has been renamed to `Default`, and its string value has changed from `"none"` to `"default"`.
      +
      +**Before (v5):**
      +
      +```ts
      +import { Management } from "auth0";
      +
      +const strategy = Management.PhoneProviderProtectionBackoffStrategyEnum.None; // "none"
      +```
      +
      +**After (v6):**
      +
      +```ts
      +import { Management } from "auth0";
      +
      +const strategy = Management.PhoneProviderProtectionBackoffStrategyEnum.Default; // "default"
      +```
      +
      +If you were passing this value directly as a string `"none"`, update it to `"default"` to match the updated API.
      +
      +---
      +
      +### users.federatedConnectionsTokensets removed
      +
      +The `client.users.federatedConnectionsTokensets` sub-client has been removed. This includes the `list()` and `delete()` methods.
      +
      +**Before (v5):**
      +
      +```ts
      +// List active federated connection tokensets for a user
      +const tokensets = await client.users.federatedConnectionsTokensets.list("user_id");
      +
      +// Delete a tokenset
      +await client.users.federatedConnectionsTokensets.delete("user_id", "tokenset_id");
      +```
      +
      +**After (v6):**
      +
      +These methods are no longer available. Remove any calls to `client.users.federatedConnectionsTokensets` from your code.
      +
      +---
      +
      +### federated_connections_access_tokens removed from connection options
      +
      +The `federated_connections_access_tokens` field has been removed from all connection option types, including create and update. This affects OIDC, Azure AD, Google Apps, and other connection strategies. Remove it from any create or update payloads.
      +
      +**Before (v5):**
      +
      +```ts
      +// On create
      +await client.connections.create({
      +    strategy: "oidc",
      +    name: "my-connection",
      +    options: {
      +        federated_connections_access_tokens: { ... },
      +        // other options
      +    },
      +});
      +
      +// On update
      +await client.connections.update("connection_id", {
      +    options: {
      +        federated_connections_access_tokens: { ... },
      +        // other options
      +    },
      +});
      +```
      +
      +**After (v6):**
      +
      +```ts
      +// On create
      +await client.connections.create({
      +    strategy: "oidc",
      +    name: "my-connection",
      +    options: {
      +        // remove federated_connections_access_tokens
      +        // other options
      +    },
      +});
      +
      +// On update
      +await client.connections.update("connection_id", {
      +    options: {
      +        // remove federated_connections_access_tokens
      +        // other options
      +    },
      +});
      +```
    theirs_snapshot:
      v6_MIGRATION_GUIDE.md: |
        # V6 Migration Guide

        A guide to migrating the Auth0 Node.js SDK from `5.x` to `6.x`.

        - [Overall changes](#overall-changes)
        - [Breaking changes](#breaking-changes)
            - [ConnectionAttributeIdentifier replaced with identifier-specific types](#connectionattributeidentifier-replaced-with-identifier-specific-types)
            - [PhoneProviderProtectionBackoffStrategyEnum value change](#phoneproviderprotectionbackoffstrategyenum-value-change)
            - [users.federatedConnectionsTokensets removed](#usersfederatedconnectionstokensets-removed)
            - [federated_connections_access_tokens removed from connection options](#federated_connections_access_tokens-removed-from-connection-options)

        ## Overall changes

        V6 addresses type correctness for database connection attribute identifiers, aligns the phone provider backoff strategy enum with the updated API, and removes the federated connections tokensets user sub-client. There are no changes to the Authentication API — any code written for the Authentication API in `5.x` will continue to work in `6.x`.

        ## Breaking changes

        ### ConnectionAttributeIdentifier replaced with identifier-specific types

        In v5, all three attribute identifiers (email, phone number, and username) shared a single `ConnectionAttributeIdentifier` type for their `identifier` field. This was incorrect — each identifier type supports different values for `default_method`.

        In v6, `ConnectionAttributeIdentifier` has been removed and replaced with three separate types:

        | Attribute      | Old type                        | New type                      | `default_method` values       |
        | -------------- | ------------------------------- | ----------------------------- | ----------------------------- |
        | `email`        | `ConnectionAttributeIdentifier` | `EmailAttributeIdentifier`    | `"password"` \| `"email_otp"` |
        | `phone_number` | `ConnectionAttributeIdentifier` | `PhoneAttributeIdentifier`    | `"password"` \| `"phone_otp"` |
        | `username`     | `ConnectionAttributeIdentifier` | `UsernameAttributeIdentifier` | _(no `default_method`)_       |

        **Before (v5):**

        ```ts
        import { Management } from "auth0";

        const identifier: Management.ConnectionAttributeIdentifier = {
            active: true,
            default_method: "email_otp",
        };
        ```

        **After (v6):**

        ```ts
        import { Management } from "auth0";

        // For email attribute
        const emailIdentifier: Management.EmailAttributeIdentifier = {
            active: true,
            default_method: "email_otp",
        };

        // For phone_number attribute
        const phoneIdentifier: Management.PhoneAttributeIdentifier = {
            active: true,
            default_method: "phone_otp",
        };

        // For username attribute (no default_method)
        const usernameIdentifier: Management.UsernameAttributeIdentifier = {
            active: true,
        };
        ```

        If you were using `ConnectionAttributeIdentifier` as a type annotation in your own code, update it to the appropriate identifier-specific type based on which attribute it applies to.

        ---

        ### PhoneProviderProtectionBackoffStrategyEnum value change

        The `PhoneProviderProtectionBackoffStrategyEnum` enum has been updated to reflect a change in the Auth0 API. The `None` variant has been renamed to `Default`, and its string value has changed from `"none"` to `"default"`.

        **Before (v5):**

        ```ts
        import { Management } from "auth0";

        const strategy = Management.PhoneProviderProtectionBackoffStrategyEnum.None; // "none"
        ```

        **After (v6):**

        ```ts
        import { Management } from "auth0";

        const strategy = Management.PhoneProviderProtectionBackoffStrategyEnum.Default; // "default"
        ```

        If you were passing this value directly as a string `"none"`, update it to `"default"` to match the updated API.

        ---

        ### users.federatedConnectionsTokensets removed

        The `client.users.federatedConnectionsTokensets` sub-client has been removed. This includes the `list()` and `delete()` methods.

        **Before (v5):**

        ```ts
        // List active federated connection tokensets for a user
        const tokensets = await client.users.federatedConnectionsTokensets.list("user_id");

        // Delete a tokenset
        await client.users.federatedConnectionsTokensets.delete("user_id", "tokenset_id");
        ```

        **After (v6):**

        These methods are no longer available. Remove any calls to `client.users.federatedConnectionsTokensets` from your code.

        ---

        ### federated_connections_access_tokens removed from connection options

        The `federated_connections_access_tokens` field has been removed from all connection option types, including create and update. This affects OIDC, Azure AD, Google Apps, and other connection strategies. Remove it from any create or update payloads.

        **Before (v5):**

        ```ts
        // On create
        await client.connections.create({
            strategy: "oidc",
            name: "my-connection",
            options: {
                federated_connections_access_tokens: { ... },
                // other options
            },
        });

        // On update
        await client.connections.update("connection_id", {
            options: {
                federated_connections_access_tokens: { ... },
                // other options
            },
        });
        ```

        **After (v6):**

        ```ts
        // On create
        await client.connections.create({
            strategy: "oidc",
            name: "my-connection",
            options: {
                // remove federated_connections_access_tokens
                // other options
            },
        });

        // On update
        await client.connections.update("connection_id", {
            options: {
                // remove federated_connections_access_tokens
                // other options
            },
        });
        ```
    user_owned: true
  - id: patch-d8faf7a2
    content_hash: sha256:5b87ec9a63fc57aba4840d0d335d472c621e838fc1d61515b30660df39d0dbc2
    original_commit: d8faf7a21efbed3bd75a0f36ff0d190bb9dd986b
    original_message: "docs: update v6 migration guide with federatedConnectionsTokensets and federated_connections_access_tokens breaking changes (#1370)"
    original_author: Ankita Tripathi <51994119+ankita10119@users.noreply.github.com>
    base_generation: 976f3421bba0cc2818dfeaede922ab57e8dbab20
    files:
      - v6_MIGRATION_GUIDE.md
    patch_content: |
      diff --git a/v6_MIGRATION_GUIDE.md b/v6_MIGRATION_GUIDE.md
      new file mode 100644
      index 000000000..d1eb6bd69
      --- /dev/null
      +++ b/v6_MIGRATION_GUIDE.md
      @@ -0,0 +1,158 @@
      +# V6 Migration Guide
      +
      +A guide to migrating the Auth0 Node.js SDK from `5.x` to `6.x`.
      +
      +- [Overall changes](#overall-changes)
      +- [Breaking changes](#breaking-changes)
      +    - [ConnectionAttributeIdentifier replaced with identifier-specific types](#connectionattributeidentifier-replaced-with-identifier-specific-types)
      +    - [PhoneProviderProtectionBackoffStrategyEnum value change](#phoneproviderprotectionbackoffstrategyenum-value-change)
      +    - [users.federatedConnectionsTokensets removed](#usersfederatedconnectionstokensets-removed)
      +    - [federated_connections_access_tokens removed from connection options](#federated_connections_access_tokens-removed-from-connection-options)
      +
      +## Overall changes
      +
      +V6 addresses type correctness for database connection attribute identifiers, aligns the phone provider backoff strategy enum with the updated API, and removes the federated connections tokensets user sub-client. There are no changes to the Authentication API — any code written for the Authentication API in `5.x` will continue to work in `6.x`.
      +
      +## Breaking changes
      +
      +### ConnectionAttributeIdentifier replaced with identifier-specific types
      +
      +In v5, all three attribute identifiers (email, phone number, and username) shared a single `ConnectionAttributeIdentifier` type for their `identifier` field. This was incorrect — each identifier type supports different values for `default_method`.
      +
      +In v6, `ConnectionAttributeIdentifier` has been removed and replaced with three separate types:
      +
      +| Attribute      | Old type                        | New type                      | `default_method` values       |
      +| -------------- | ------------------------------- | ----------------------------- | ----------------------------- |
      +| `email`        | `ConnectionAttributeIdentifier` | `EmailAttributeIdentifier`    | `"password"` \| `"email_otp"` |
      +| `phone_number` | `ConnectionAttributeIdentifier` | `PhoneAttributeIdentifier`    | `"password"` \| `"phone_otp"` |
      +| `username`     | `ConnectionAttributeIdentifier` | `UsernameAttributeIdentifier` | _(no `default_method`)_       |
      +
      +**Before (v5):**
      +
      +```ts
      +import { Management } from "auth0";
      +
      +const identifier: Management.ConnectionAttributeIdentifier = {
      +    active: true,
      +    default_method: "email_otp",
      +};
      +```
      +
      +**After (v6):**
      +
      +```ts
      +import { Management } from "auth0";
      +
      +// For email attribute
      +const emailIdentifier: Management.EmailAttributeIdentifier = {
      +    active: true,
      +    default_method: "email_otp",
      +};
      +
      +// For phone_number attribute
      +const phoneIdentifier: Management.PhoneAttributeIdentifier = {
      +    active: true,
      +    default_method: "phone_otp",
      +};
      +
      +// For username attribute (no default_method)
      +const usernameIdentifier: Management.UsernameAttributeIdentifier = {
      +    active: true,
      +};
      +```
      +
      +If you were using `ConnectionAttributeIdentifier` as a type annotation in your own code, update it to the appropriate identifier-specific type based on which attribute it applies to.
      +
      +---
      +
      +### PhoneProviderProtectionBackoffStrategyEnum value change
      +
      +The `PhoneProviderProtectionBackoffStrategyEnum` enum has been updated to reflect a change in the Auth0 API. The `None` variant has been renamed to `Default`, and its string value has changed from `"none"` to `"default"`.
      +
      +**Before (v5):**
      +
      +```ts
      +import { Management } from "auth0";
      +
      +const strategy = Management.PhoneProviderProtectionBackoffStrategyEnum.None; // "none"
      +```
      +
      +**After (v6):**
      +
      +```ts
      +import { Management } from "auth0";
      +
      +const strategy = Management.PhoneProviderProtectionBackoffStrategyEnum.Default; // "default"
      +```
      +
      +If you were passing this value directly as a string `"none"`, update it to `"default"` to match the updated API.
      +
      +---
      +
      +### users.federatedConnectionsTokensets removed
      +
      +The `client.users.federatedConnectionsTokensets` sub-client has been removed. This includes the `list()` and `delete()` methods.
      +
      +**Before (v5):**
      +
      +```ts
      +// List active federated connection tokensets for a user
      +const tokensets = await client.users.federatedConnectionsTokensets.list("user_id");
      +
      +// Delete a tokenset
      +await client.users.federatedConnectionsTokensets.delete("user_id", "tokenset_id");
      +```
      +
      +**After (v6):**
      +
      +These methods are no longer available. Remove any calls to `client.users.federatedConnectionsTokensets` from your code.
      +
      +---
      +
      +### federated_connections_access_tokens removed from connection options
      +
      +The `federated_connections_access_tokens` field has been removed from all connection option types, including create and update. This affects OIDC, Azure AD, Google Apps, and other connection strategies. Remove it from any create or update payloads.
      +
      +**Before (v5):**
      +
      +```ts
      +// On create
      +await client.connections.create({
      +    strategy: "oidc",
      +    name: "my-connection",
      +    options: {
      +        federated_connections_access_tokens: { ... },
      +        // other options
      +    },
      +});
      +
      +// On update
      +await client.connections.update("connection_id", {
      +    options: {
      +        federated_connections_access_tokens: { ... },
      +        // other options
      +    },
      +});
      +```
      +
      +**After (v6):**
      +
      +```ts
      +// On create
      +await client.connections.create({
      +    strategy: "oidc",
      +    name: "my-connection",
      +    options: {
      +        // remove federated_connections_access_tokens
      +        // other options
      +    },
      +});
      +
      +// On update
      +await client.connections.update("connection_id", {
      +    options: {
      +        // remove federated_connections_access_tokens
      +        // other options
      +    },
      +});
      +```
    theirs_snapshot:
      v6_MIGRATION_GUIDE.md: |
        # V6 Migration Guide

        A guide to migrating the Auth0 Node.js SDK from `5.x` to `6.x`.

        - [Overall changes](#overall-changes)
        - [Breaking changes](#breaking-changes)
            - [ConnectionAttributeIdentifier replaced with identifier-specific types](#connectionattributeidentifier-replaced-with-identifier-specific-types)
            - [PhoneProviderProtectionBackoffStrategyEnum value change](#phoneproviderprotectionbackoffstrategyenum-value-change)
            - [users.federatedConnectionsTokensets removed](#usersfederatedconnectionstokensets-removed)
            - [federated_connections_access_tokens removed from connection options](#federated_connections_access_tokens-removed-from-connection-options)

        ## Overall changes

        V6 addresses type correctness for database connection attribute identifiers, aligns the phone provider backoff strategy enum with the updated API, and removes the federated connections tokensets user sub-client. There are no changes to the Authentication API — any code written for the Authentication API in `5.x` will continue to work in `6.x`.

        ## Breaking changes

        ### ConnectionAttributeIdentifier replaced with identifier-specific types

        In v5, all three attribute identifiers (email, phone number, and username) shared a single `ConnectionAttributeIdentifier` type for their `identifier` field. This was incorrect — each identifier type supports different values for `default_method`.

        In v6, `ConnectionAttributeIdentifier` has been removed and replaced with three separate types:

        | Attribute      | Old type                        | New type                      | `default_method` values       |
        | -------------- | ------------------------------- | ----------------------------- | ----------------------------- |
        | `email`        | `ConnectionAttributeIdentifier` | `EmailAttributeIdentifier`    | `"password"` \| `"email_otp"` |
        | `phone_number` | `ConnectionAttributeIdentifier` | `PhoneAttributeIdentifier`    | `"password"` \| `"phone_otp"` |
        | `username`     | `ConnectionAttributeIdentifier` | `UsernameAttributeIdentifier` | _(no `default_method`)_       |

        **Before (v5):**

        ```ts
        import { Management } from "auth0";

        const identifier: Management.ConnectionAttributeIdentifier = {
            active: true,
            default_method: "email_otp",
        };
        ```

        **After (v6):**

        ```ts
        import { Management } from "auth0";

        // For email attribute
        const emailIdentifier: Management.EmailAttributeIdentifier = {
            active: true,
            default_method: "email_otp",
        };

        // For phone_number attribute
        const phoneIdentifier: Management.PhoneAttributeIdentifier = {
            active: true,
            default_method: "phone_otp",
        };

        // For username attribute (no default_method)
        const usernameIdentifier: Management.UsernameAttributeIdentifier = {
            active: true,
        };
        ```

        If you were using `ConnectionAttributeIdentifier` as a type annotation in your own code, update it to the appropriate identifier-specific type based on which attribute it applies to.

        ---

        ### PhoneProviderProtectionBackoffStrategyEnum value change

        The `PhoneProviderProtectionBackoffStrategyEnum` enum has been updated to reflect a change in the Auth0 API. The `None` variant has been renamed to `Default`, and its string value has changed from `"none"` to `"default"`.

        **Before (v5):**

        ```ts
        import { Management } from "auth0";

        const strategy = Management.PhoneProviderProtectionBackoffStrategyEnum.None; // "none"
        ```

        **After (v6):**

        ```ts
        import { Management } from "auth0";

        const strategy = Management.PhoneProviderProtectionBackoffStrategyEnum.Default; // "default"
        ```

        If you were passing this value directly as a string `"none"`, update it to `"default"` to match the updated API.

        ---

        ### users.federatedConnectionsTokensets removed

        The `client.users.federatedConnectionsTokensets` sub-client has been removed. This includes the `list()` and `delete()` methods.

        **Before (v5):**

        ```ts
        // List active federated connection tokensets for a user
        const tokensets = await client.users.federatedConnectionsTokensets.list("user_id");

        // Delete a tokenset
        await client.users.federatedConnectionsTokensets.delete("user_id", "tokenset_id");
        ```

        **After (v6):**

        These methods are no longer available. Remove any calls to `client.users.federatedConnectionsTokensets` from your code.

        ---

        ### federated_connections_access_tokens removed from connection options

        The `federated_connections_access_tokens` field has been removed from all connection option types, including create and update. This affects OIDC, Azure AD, Google Apps, and other connection strategies. Remove it from any create or update payloads.

        **Before (v5):**

        ```ts
        // On create
        await client.connections.create({
            strategy: "oidc",
            name: "my-connection",
            options: {
                federated_connections_access_tokens: { ... },
                // other options
            },
        });

        // On update
        await client.connections.update("connection_id", {
            options: {
                federated_connections_access_tokens: { ... },
                // other options
            },
        });
        ```

        **After (v6):**

        ```ts
        // On create
        await client.connections.create({
            strategy: "oidc",
            name: "my-connection",
            options: {
                // remove federated_connections_access_tokens
                // other options
            },
        });

        // On update
        await client.connections.update("connection_id", {
            options: {
                // remove federated_connections_access_tokens
                // other options
            },
        });
        ```
