# DO NOT EDIT MANUALLY - Managed by Fern Replay
version: "1.0"
generations:
  - commit_sha: a7ff7c0f098c10c81b49de0e3024d0e645a16359
    tree_hash: 29fcbbd3fe86fe216c9a65b8819538f9226d544b
    timestamp: 2026-05-12T05:03:34.426Z
    cli_version: unknown
    generator_versions: {}
current_generation: a7ff7c0f098c10c81b49de0e3024d0e645a16359
patches: []
